
Microsoft Visual Studio Solution File, Format Version 11.00
# Visual Studio 2010
Project("{FAE04EC0-301F-11D3-BF4B-00C04F79EFBC}") = "TempoTracker", "TempoTracker\TempoTracker.csproj", "{F9D2685C-A7D9-42D8-AAFF-4E0C6EE9C792}"
EndProject
Project("{54435603-DBB4-11D2-8724-00A0C9A8B90C}") = "TempoTrackerSetup", "TempoTrackerSetup\TempoTrackerSetup.vdproj", "{C3757B1D-54D7-4D7F-811C-67A8EA735138}"
EndProject
Project("{FAE04EC0-301F-11D3-BF4B-00C04F79EFBC}") = "TempoTrackerApi", "TempoTrackerApi\TempoTrackerApi.csproj", "{4990974C-0161-4971-BF2B-6C3F960BCB9F}"
EndProject
Project("{FAE04EC0-301F-11D3-BF4B-00C04F79EFBC}") = "TempoTrackerApiTests", "TempoTrackerApiTests\TempoTrackerApiTests.csproj", "{3585750F-AC54-4213-9F8B-E29A0C6B5D58}"
EndProject
Project("{2150E333-8FDC-42A3-9474-1A3956D46DE8}") = "Solution Items", "Solution Items", "{0A6D38EB-A4AC-46BA-9891-22BEEA9A9A77}"
	ProjectSection(SolutionItems) = preProject
		Local.testsettings = Local.testsettings
		TempoTracker.vsmdi = TempoTracker.vsmdi
		TraceAndTestImpact.testsettings = TraceAndTestImpact.testsettings
	EndProjectSection
EndProject
Project("{FAE04EC0-301F-11D3-BF4B-00C04F79EFBC}") = "TempoTrackerWPF", "TempoTrackerWPF\TempoTrackerWPF.csproj", "{361B37B5-7395-4799-BC5F-01F7D64F6494}"
EndProject
Global
	GlobalSection(TestCaseManagementSettings) = postSolution
		CategoryFile = TempoTracker.vsmdi
	EndGlobalSection
	GlobalSection(SolutionConfigurationPlatforms) = preSolution
		Debug|Any CPU = Debug|Any CPU
		Debug|Mixed Platforms = Debug|Mixed Platforms
		Debug|x86 = Debug|x86
		Release|Any CPU = Release|Any CPU
		Release|Mixed Platforms = Release|Mixed Platforms
		Release|x86 = Release|x86
	EndGlobalSection
	GlobalSection(ProjectConfigurationPlatforms) = postSolution
		{F9D2685C-A7D9-42D8-AAFF-4E0C6EE9C792}.Debug|Any CPU.ActiveCfg = Debug|Any CPU
		{F9D2685C-A7D9-42D8-AAFF-4E0C6EE9C792}.Debug|Any CPU.Build.0 = Debug|Any CPU
		{F9D2685C-A7D9-42D8-AAFF-4E0C6EE9C792}.Debug|Mixed Platforms.ActiveCfg = Debug|Any CPU
		{F9D2685C-A7D9-42D8-AAFF-4E0C6EE9C792}.Debug|Mixed Platforms.Build.0 = Debug|Any CPU
		{F9D2685C-A7D9-42D8-AAFF-4E0C6EE9C792}.Debug|x86.ActiveCfg = Debug|Any CPU
		{F9D2685C-A7D9-42D8-AAFF-4E0C6EE9C792}.Release|Any CPU.ActiveCfg = Release|Any CPU
		{F9D2685C-A7D9-42D8-AAFF-4E0C6EE9C792}.Release|Any CPU.Build.0 = Release|Any CPU
		{F9D2685C-A7D9-42D8-AAFF-4E0C6EE9C792}.Release|Mixed Platforms.ActiveCfg = Release|Any CPU
		{F9D2685C-A7D9-42D8-AAFF-4E0C6EE9C792}.Release|Mixed Platforms.Build.0 = Release|Any CPU
		{F9D2685C-A7D9-42D8-AAFF-4E0C6EE9C792}.Release|x86.ActiveCfg = Release|Any CPU
		{C3757B1D-54D7-4D7F-811C-67A8EA735138}.Debug|Any CPU.ActiveCfg = Debug
		{C3757B1D-54D7-4D7F-811C-67A8EA735138}.Debug|Mixed Platforms.ActiveCfg = Debug
		{C3757B1D-54D7-4D7F-811C-67A8EA735138}.Debug|Mixed Platforms.Build.0 = Debug
		{C3757B1D-54D7-4D7F-811C-67A8EA735138}.Debug|x86.ActiveCfg = Debug
		{C3757B1D-54D7-4D7F-811C-67A8EA735138}.Debug|x86.Build.0 = Debug
		{C3757B1D-54D7-4D7F-811C-67A8EA735138}.Release|Any CPU.ActiveCfg = Release
		{C3757B1D-54D7-4D7F-811C-67A8EA735138}.Release|Mixed Platforms.ActiveCfg = Release
		{C3757B1D-54D7-4D7F-811C-67A8EA735138}.Release|Mixed Platforms.Build.0 = Release
		{C3757B1D-54D7-4D7F-811C-67A8EA735138}.Release|x86.ActiveCfg = Release
		{C3757B1D-54D7-4D7F-811C-67A8EA735138}.Release|x86.Build.0 = Release
		{4990974C-0161-4971-BF2B-6C3F960BCB9F}.Debug|Any CPU.ActiveCfg = Debug|Any CPU
		{4990974C-0161-4971-BF2B-6C3F960BCB9F}.Debug|Any CPU.Build.0 = Debug|Any CPU
		{4990974C-0161-4971-BF2B-6C3F960BCB9F}.Debug|Mixed Platforms.ActiveCfg = Debug|Any CPU
		{4990974C-0161-4971-BF2B-6C3F960BCB9F}.Debug|Mixed Platforms.Build.0 = Debug|Any CPU
		{4990974C-0161-4971-BF2B-6C3F960BCB9F}.Debug|x86.ActiveCfg = Debug|Any CPU
		{4990974C-0161-4971-BF2B-6C3F960BCB9F}.Release|Any CPU.ActiveCfg = Release|Any CPU
		{4990974C-0161-4971-BF2B-6C3F960BCB9F}.Release|Any CPU.Build.0 = Release|Any CPU
		{4990974C-0161-4971-BF2B-6C3F960BCB9F}.Release|Mixed Platforms.ActiveCfg = Release|Any CPU
		{4990974C-0161-4971-BF2B-6C3F960BCB9F}.Release|Mixed Platforms.Build.0 = Release|Any CPU
		{4990974C-0161-4971-BF2B-6C3F960BCB9F}.Release|x86.ActiveCfg = Release|Any CPU
		{3585750F-AC54-4213-9F8B-E29A0C6B5D58}.Debug|Any CPU.ActiveCfg = Debug|Any CPU
		{3585750F-AC54-4213-9F8B-E29A0C6B5D58}.Debug|Any CPU.Build.0 = Debug|Any CPU
		{3585750F-AC54-4213-9F8B-E29A0C6B5D58}.Debug|Mixed Platforms.ActiveCfg = Debug|Any CPU
		{3585750F-AC54-4213-9F8B-E29A0C6B5D58}.Debug|Mixed Platforms.Build.0 = Debug|Any CPU
		{3585750F-AC54-4213-9F8B-E29A0C6B5D58}.Debug|x86.ActiveCfg = Debug|Any CPU
		{3585750F-AC54-4213-9F8B-E29A0C6B5D58}.Release|Any CPU.ActiveCfg = Release|Any CPU
		{3585750F-AC54-4213-9F8B-E29A0C6B5D58}.Release|Any CPU.Build.0 = Release|Any CPU
		{3585750F-AC54-4213-9F8B-E29A0C6B5D58}.Release|Mixed Platforms.ActiveCfg = Release|Any CPU
		{3585750F-AC54-4213-9F8B-E29A0C6B5D58}.Release|Mixed Platforms.Build.0 = Release|Any CPU
		{3585750F-AC54-4213-9F8B-E29A0C6B5D58}.Release|x86.ActiveCfg = Release|Any CPU
		{361B37B5-7395-4799-BC5F-01F7D64F6494}.Debug|Any CPU.ActiveCfg = Debug|x86
		{361B37B5-7395-4799-BC5F-01F7D64F6494}.Debug|Any CPU.Build.0 = Debug|x86
		{361B37B5-7395-4799-BC5F-01F7D64F6494}.Debug|Mixed Platforms.ActiveCfg = Debug|x86
		{361B37B5-7395-4799-BC5F-01F7D64F6494}.Debug|Mixed Platforms.Build.0 = Debug|x86
		{361B37B5-7395-4799-BC5F-01F7D64F6494}.Debug|x86.ActiveCfg = Debug|x86
		{361B37B5-7395-4799-BC5F-01F7D64F6494}.Debug|x86.Build.0 = Debug|x86
		{361B37B5-7395-4799-BC5F-01F7D64F6494}.Release|Any CPU.ActiveCfg = Release|x86
		{361B37B5-7395-4799-BC5F-01F7D64F6494}.Release|Any CPU.Build.0 = Release|x86
		{361B37B5-7395-4799-BC5F-01F7D64F6494}.Release|Mixed Platforms.ActiveCfg = Release|x86
		{361B37B5-7395-4799-BC5F-01F7D64F6494}.Release|Mixed Platforms.Build.0 = Release|x86
		{361B37B5-7395-4799-BC5F-01F7D64F6494}.Release|x86.ActiveCfg = Release|x86
		{361B37B5-7395-4799-BC5F-01F7D64F6494}.Release|x86.Build.0 = Release|x86
	EndGlobalSection
	GlobalSection(SolutionProperties) = preSolution
		HideSolutionNode = FALSE
	EndGlobalSection
EndGlobal
